// !$*UTF8*$!
{
	archiveVersion = 1;
	classes = {
	};
	objectVersion = 77;
	objects = {

/* Begin PBXBuildFile section */
		006B21407F4C03230AA6BDA8 /* WatchlistViewModel.swift in Sources */ = {isa = PBXBuildFile; fileRef = 947975FF9C6AB7FAC7EB744F /* WatchlistViewModel.swift */; };
		07BFD62A27EAB88C3F1A94A7 /* SearchView.swift in Sources */ = {isa = PBXBuildFile; fileRef = 991305D41D91848EE4F9A87F /* SearchView.swift */; };
		0A053E98D39B1676429DFD44 /* DTOs.swift in Sources */ = {isa = PBXBuildFile; fileRef = AE9ABD0DB708E9659170249D /* DTOs.swift */; };
		11A88B491AFFEAF2255FCA3D /* ContentView.swift in Sources */ = {isa = PBXBuildFile; fileRef = 5963281E3EB0863D4F98A4B1 /* ContentView.swift */; };
		1C73BB24045D75A92966721F /* BrowseViewModel.swift in Sources */ = {isa = PBXBuildFile; fileRef = EF2B8EBBE4185D3F88077737 /* BrowseViewModel.swift */; };
		26AF418BABD845EB5E2B6920 /* DetailViewModel.swift in Sources */ = {isa = PBXBuildFile; fileRef = EE48595F6C089D8988BAFFA3 /* DetailViewModel.swift */; };
		284F2BA6CA43D145AE4F4765 /* WatchlistView.swift in Sources */ = {isa = PBXBuildFile; fileRef = C885A2615519895D89D64A23 /* WatchlistView.swift */; };
		2B0546F9BFBA43D130060B79 /* DonghuaFlixTheme.swift in Sources */ = {isa = PBXBuildFile; fileRef = 2EC604E6F7ACA4E7743B555A /* DonghuaFlixTheme.swift */; };
		2D995EC14225F9D481FA823D /* ShowCardView.swift in Sources */ = {isa = PBXBuildFile; fileRef = 30200722F18345067BC5E1F7 /* ShowCardView.swift */; };
		316D440E02A4B5D2B0EC0679 /* PlayerView.swift in Sources */ = {isa = PBXBuildFile; fileRef = C78E61A2B199A9EBAD131972 /* PlayerView.swift */; };
		398C87D8B88FFD9BE7E1198A /* Router.swift in Sources */ = {isa = PBXBuildFile; fileRef = 714544123DC2F39931328A16 /* Router.swift */; };
		3C80D42E929A3D1B4E060875 /* DonghuaFlixApp.swift in Sources */ = {isa = PBXBuildFile; fileRef = 6BC6644AD0855FBBC831E701 /* DonghuaFlixApp.swift */; };
		3DB977DBFEEDBFA49EBE9C2C /* HomeView.swift in Sources */ = {isa = PBXBuildFile; fileRef = 75CBAF742105385EBC1CE8AB /* HomeView.swift */; };
		3E4B87B86BA5C98DB65BD205 /* SubtitleParser.swift in Sources */ = {isa = PBXBuildFile; fileRef = 9C042C86150ED9594A78E20D /* SubtitleParser.swift */; };
		3E86B50852EEE33AC27508DD /* PlayerViewModel.swift in Sources */ = {isa = PBXBuildFile; fileRef = 2CDCF8E531A2763DEAB10D20 /* PlayerViewModel.swift */; };
		43107AE8359B2E95AF061DCF /* DetailViewModel.swift in Sources */ = {isa = PBXBuildFile; fileRef = EE48595F6C089D8988BAFFA3 /* DetailViewModel.swift */; };
		4A57D1811FEB9A6206962421 /* DTOs.swift in Sources */ = {isa = PBXBuildFile; fileRef = AE9ABD0DB708E9659170249D /* DTOs.swift */; };
		575E329531BEB48DC13E12B8 /* PlayerView.swift in Sources */ = {isa = PBXBuildFile; fileRef = C78E61A2B199A9EBAD131972 /* PlayerView.swift */; };
		5DCB36C84400F9B3195DE400 /* PlayerViewModel.swift in Sources */ = {isa = PBXBuildFile; fileRef = 2CDCF8E531A2763DEAB10D20 /* PlayerViewModel.swift */; };
		666EEED349856E18CC998C6B /* DonghuaFlixApp.swift in Sources */ = {isa = PBXBuildFile; fileRef = 6BC6644AD0855FBBC831E701 /* DonghuaFlixApp.swift */; };
		6CB92DFC36D3AFE8EEFB4F97 /* BrowseView.swift in Sources */ = {isa = PBXBuildFile; fileRef = A28653D14185D6CC5CBA77B9 /* BrowseView.swift */; };
		7113A7ED026F20C37CBF5FBD /* HomeViewModel.swift in Sources */ = {isa = PBXBuildFile; fileRef = 027B33ECF29362C36F41D7CD /* HomeViewModel.swift */; };
		801CD0EC56495FB6C6BF4C17 /* BrowseViewModel.swift in Sources */ = {isa = PBXBuildFile; fileRef = EF2B8EBBE4185D3F88077737 /* BrowseViewModel.swift */; };
		82D37808158B8096A14DF7B8 /* WatchRepository.swift in Sources */ = {isa = PBXBuildFile; fileRef = 69075DCCCD3DD10B7594EE5B /* WatchRepository.swift */; };
		8F101079183873450F08E93F /* DetailView.swift in Sources */ = {isa = PBXBuildFile; fileRef = 4A9B3B1648BEEACB4DDF4BEC /* DetailView.swift */; };
		90E336F04721452A6BF3C184 /* BrowseView.swift in Sources */ = {isa = PBXBuildFile; fileRef = A28653D14185D6CC5CBA77B9 /* BrowseView.swift */; };
		9490156A696DA7A9A86DA7E3 /* HomeView.swift in Sources */ = {isa = PBXBuildFile; fileRef = 75CBAF742105385EBC1CE8AB /* HomeView.swift */; };
		98EE9AEC5DC11AA46840C3B0 /* APIEndpoint.swift in Sources */ = {isa = PBXBuildFile; fileRef = 503FE4003D2F78032932F5C7 /* APIEndpoint.swift */; };
		9C039822D7CC64621B03C4CB /* APIClient.swift in Sources */ = {isa = PBXBuildFile; fileRef = 13A6E2E26EC6579C156E3B34 /* APIClient.swift */; };
		9C0B0EEDEDF9AFB4F07C884C /* WatchlistViewModel.swift in Sources */ = {isa = PBXBuildFile; fileRef = 947975FF9C6AB7FAC7EB744F /* WatchlistViewModel.swift */; };
		9C1B5552230E96CAF7D6C2EF /* WatchlistView.swift in Sources */ = {isa = PBXBuildFile; fileRef = C885A2615519895D89D64A23 /* WatchlistView.swift */; };
		9C562312DC4CA4E8D1DECDD8 /* SearchViewModel.swift in Sources */ = {isa = PBXBuildFile; fileRef = 5BBF8A0B48D1730320ABF6E7 /* SearchViewModel.swift */; };
		A5BA4A344AF3C7B4424C8ED0 /* ShowRepository.swift in Sources */ = {isa = PBXBuildFile; fileRef = 57D222170AF6AB7DA37CC166 /* ShowRepository.swift */; };
		AC1465E818CB41823DAB1F3D /* CrashLogger.swift in Sources */ = {isa = PBXBuildFile; fileRef = 0B49F7CB85A97291DFE40684 /* CrashLogger.swift */; };
		AF5828690E64D62AE00AB142 /* Models.swift in Sources */ = {isa = PBXBuildFile; fileRef = 575069DB924696E5B1FFE7FB /* Models.swift */; };
		B5B1F823B1B08580FFC7CAB1 /* SubtitleParser.swift in Sources */ = {isa = PBXBuildFile; fileRef = 9C042C86150ED9594A78E20D /* SubtitleParser.swift */; };
		BA4582B0D4366276F1FB4E07 /* DonghuaFlixTheme.swift in Sources */ = {isa = PBXBuildFile; fileRef = 2EC604E6F7ACA4E7743B555A /* DonghuaFlixTheme.swift */; };
		BBA9BE813F505A460871F7B2 /* APIClient.swift in Sources */ = {isa = PBXBuildFile; fileRef = 13A6E2E26EC6579C156E3B34 /* APIClient.swift */; };
		BBB442A217629C0841E1E7D4 /* ShowRepository.swift in Sources */ = {isa = PBXBuildFile; fileRef = 57D222170AF6AB7DA37CC166 /* ShowRepository.swift */; };
		D1DED0B380F57392F35D0A6E /* WatchRepository.swift in Sources */ = {isa = PBXBuildFile; fileRef = 69075DCCCD3DD10B7594EE5B /* WatchRepository.swift */; };
		D2F83E74E71731364A0FBA68 /* Models.swift in Sources */ = {isa = PBXBuildFile; fileRef = 575069DB924696E5B1FFE7FB /* Models.swift */; };
		E4BC1713DA9885F54C730D5C /* APIEndpoint.swift in Sources */ = {isa = PBXBuildFile; fileRef = 503FE4003D2F78032932F5C7 /* APIEndpoint.swift */; };
		E4F04DCD591A2DB4FF2569E2 /* SearchViewModel.swift in Sources */ = {isa = PBXBuildFile; fileRef = 5BBF8A0B48D1730320ABF6E7 /* SearchViewModel.swift */; };
		E7B2A38C2BD229EF4ECB9169 /* ShowCardView.swift in Sources */ = {isa = PBXBuildFile; fileRef = 30200722F18345067BC5E1F7 /* ShowCardView.swift */; };
		ED9CD6DAAC3585706057166B /* CrashLogger.swift in Sources */ = {isa = PBXBuildFile; fileRef = 0B49F7CB85A97291DFE40684 /* CrashLogger.swift */; };
		EDE186492CF590A2DB24B671 /* Router.swift in Sources */ = {isa = PBXBuildFile; fileRef = 714544123DC2F39931328A16 /* Router.swift */; };
		F3D3C12F63B489400202CC88 /* ContentView.swift in Sources */ = {isa = PBXBuildFile; fileRef = 5963281E3EB0863D4F98A4B1 /* ContentView.swift */; };
		F6082AD550F8AE64D763111B /* HomeViewModel.swift in Sources */ = {isa = PBXBuildFile; fileRef = 027B33ECF29362C36F41D7CD /* HomeViewModel.swift */; };
		FAE0A0DE95BB32AF656E4231 /* SearchView.swift in Sources */ = {isa = PBXBuildFile; fileRef = 991305D41D91848EE4F9A87F /* SearchView.swift */; };
		FCF07B64B9290D713BCEA6E3 /* DetailView.swift in Sources */ = {isa = PBXBuildFile; fileRef = 4A9B3B1648BEEACB4DDF4BEC /* DetailView.swift */; };
/* End PBXBuildFile section */

/* Begin PBXFileReference section */
		027B33ECF29362C36F41D7CD /* HomeViewModel.swift */ = {isa = PBXFileReference; lastKnownFileType = sourcecode.swift; path = HomeViewModel.swift; sourceTree = "<group>"; };
		0B49F7CB85A97291DFE40684 /* CrashLogger.swift */ = {isa = PBXFileReference; lastKnownFileType = sourcecode.swift; path = CrashLogger.swift; sourceTree = "<group>"; };
		13A6E2E26EC6579C156E3B34 /* APIClient.swift */ = {isa = PBXFileReference; lastKnownFileType = sourcecode.swift; path = APIClient.swift; sourceTree = "<group>"; };
		2CDCF8E531A2763DEAB10D20 /* PlayerViewModel.swift */ = {isa = PBXFileReference; lastKnownFileType = sourcecode.swift; path = PlayerViewModel.swift; sourceTree = "<group>"; };
		2EC604E6F7ACA4E7743B555A /* DonghuaFlixTheme.swift */ = {isa = PBXFileReference; lastKnownFileType = sourcecode.swift; path = DonghuaFlixTheme.swift; sourceTree = "<group>"; };
		30200722F18345067BC5E1F7 /* ShowCardView.swift */ = {isa = PBXFileReference; lastKnownFileType = sourcecode.swift; path = ShowCardView.swift; sourceTree = "<group>"; };
		4A9B3B1648BEEACB4DDF4BEC /* DetailView.swift */ = {isa = PBXFileReference; lastKnownFileType = sourcecode.swift; path = DetailView.swift; sourceTree = "<group>"; };
		503FE4003D2F78032932F5C7 /* APIEndpoint.swift */ = {isa = PBXFileReference; lastKnownFileType = sourcecode.swift; path = APIEndpoint.swift; sourceTree = "<group>"; };
		575069DB924696E5B1FFE7FB /* Models.swift */ = {isa = PBXFileReference; lastKnownFileType = sourcecode.swift; path = Models.swift; sourceTree = "<group>"; };
		57D222170AF6AB7DA37CC166 /* ShowRepository.swift */ = {isa = PBXFileReference; lastKnownFileType = sourcecode.swift; path = ShowRepository.swift; sourceTree = "<group>"; };
		5963281E3EB0863D4F98A4B1 /* ContentView.swift */ = {isa = PBXFileReference; lastKnownFileType = sourcecode.swift; path = ContentView.swift; sourceTree = "<group>"; };
		5BBF8A0B48D1730320ABF6E7 /* SearchViewModel.swift */ = {isa = PBXFileReference; lastKnownFileType = sourcecode.swift; path = SearchViewModel.swift; sourceTree = "<group>"; };
		602C8F7C6A5F30DBC50997D6 /* DonghuaFlix-macOS.app */ = {isa = PBXFileReference; explicitFileType = wrapper.application; includeInIndex = 0; path = "DonghuaFlix-macOS.app"; sourceTree = BUILT_PRODUCTS_DIR; };
		69075DCCCD3DD10B7594EE5B /* WatchRepository.swift */ = {isa = PBXFileReference; lastKnownFileType = sourcecode.swift; path = WatchRepository.swift; sourceTree = "<group>"; };
		6BC6644AD0855FBBC831E701 /* DonghuaFlixApp.swift */ = {isa = PBXFileReference; lastKnownFileType = sourcecode.swift; path = DonghuaFlixApp.swift; sourceTree = "<group>"; };
		714544123DC2F39931328A16 /* Router.swift */ = {isa = PBXFileReference; lastKnownFileType = sourcecode.swift; path = Router.swift; sourceTree = "<group>"; };
		75CBAF742105385EBC1CE8AB /* HomeView.swift */ = {isa = PBXFileReference; lastKnownFileType = sourcecode.swift; path = HomeView.swift; sourceTree = "<group>"; };
		947975FF9C6AB7FAC7EB744F /* WatchlistViewModel.swift */ = {isa = PBXFileReference; lastKnownFileType = sourcecode.swift; path = WatchlistViewModel.swift; sourceTree = "<group>"; };
		991305D41D91848EE4F9A87F /* SearchView.swift */ = {isa = PBXFileReference; lastKnownFileType = sourcecode.swift; path = SearchView.swift; sourceTree = "<group>"; };
		9C042C86150ED9594A78E20D /* SubtitleParser.swift */ = {isa = PBXFileReference; lastKnownFileType = sourcecode.swift; path = SubtitleParser.swift; sourceTree = "<group>"; };
		A28653D14185D6CC5CBA77B9 /* BrowseView.swift */ = {isa = PBXFileReference; lastKnownFileType = sourcecode.swift; path = BrowseView.swift; sourceTree = "<group>"; };
		AE9ABD0DB708E9659170249D /* DTOs.swift */ = {isa = PBXFileReference; lastKnownFileType = sourcecode.swift; path = DTOs.swift; sourceTree = "<group>"; };
		C78E61A2B199A9EBAD131972 /* PlayerView.swift */ = {isa = PBXFileReference; lastKnownFileType = sourcecode.swift; path = PlayerView.swift; sourceTree = "<group>"; };
		C885A2615519895D89D64A23 /* WatchlistView.swift */ = {isa = PBXFileReference; lastKnownFileType = sourcecode.swift; path = WatchlistView.swift; sourceTree = "<group>"; };
		EE48595F6C089D8988BAFFA3 /* DetailViewModel.swift */ = {isa = PBXFileReference; lastKnownFileType = sourcecode.swift; path = DetailViewModel.swift; sourceTree = "<group>"; };
		EF2B8EBBE4185D3F88077737 /* BrowseViewModel.swift */ = {isa = PBXFileReference; lastKnownFileType = sourcecode.swift; path = BrowseViewModel.swift; sourceTree = "<group>"; };
		FDCFF57FA1A3C2084694218C /* DonghuaFlix-iOS.app */ = {isa = PBXFileReference; includeInIndex = 0; lastKnownFileType = wrapper.application; path = "DonghuaFlix-iOS.app"; sourceTree = BUILT_PRODUCTS_DIR; };
/* End PBXFileReference section */

/* Begin PBXGroup section */
		0841BEDE92E4AE5FDA95E2A0 /* Theme */ = {
			isa = PBXGroup;
			children = (
				2EC604E6F7ACA4E7743B555A /* DonghuaFlixTheme.swift */,
			);
			path = Theme;
			sourceTree = "<group>";
		};
		0E5CCA78622DB813D4618B4D /* Watchlist */ = {
			isa = PBXGroup;
			children = (
				C885A2615519895D89D64A23 /* WatchlistView.swift */,
				947975FF9C6AB7FAC7EB744F /* WatchlistViewModel.swift */,
			);
			path = Watchlist;
			sourceTree = "<group>";
		};
		0EDA70EF5F9BDD5BA1F46E55 /* Home */ = {
			isa = PBXGroup;
			children = (
				75CBAF742105385EBC1CE8AB /* HomeView.swift */,
				027B33ECF29362C36F41D7CD /* HomeViewModel.swift */,
			);
			path = Home;
			sourceTree = "<group>";
		};
		19A5A83DD43B46CB9BED138E /* Services */ = {
			isa = PBXGroup;
			children = (
				0B49F7CB85A97291DFE40684 /* CrashLogger.swift */,
				9C042C86150ED9594A78E20D /* SubtitleParser.swift */,
			);
			path = Services;
			sourceTree = "<group>";
		};
		372BC4C1C7FC7900F5ED3097 /* Navigation */ = {
			isa = PBXGroup;
			children = (
				5963281E3EB0863D4F98A4B1 /* ContentView.swift */,
				714544123DC2F39931328A16 /* Router.swift */,
			);
			path = Navigation;
			sourceTree = "<group>";
		};
		3E5C69764604BB72F0E1A7FE = {
			isa = PBXGroup;
			children = (
				B8AD693ECA0357F674E0B65E /* DonghuaFlix */,
				A5F76C37038542AB1188BE93 /* Products */,
			);
			sourceTree = "<group>";
		};
		3EAE45E2F17628FCAE9054E2 /* Player */ = {
			isa = PBXGroup;
			children = (
				C78E61A2B199A9EBAD131972 /* PlayerView.swift */,
				2CDCF8E531A2763DEAB10D20 /* PlayerViewModel.swift */,
			);
			path = Player;
			sourceTree = "<group>";
		};
		6638412DCCB0CA97EA7D5B55 /* Models */ = {
			isa = PBXGroup;
			children = (
				575069DB924696E5B1FFE7FB /* Models.swift */,
			);
			path = Models;
			sourceTree = "<group>";
		};
		865660E711312EA6E4CC8ADA /* Detail */ = {
			isa = PBXGroup;
			children = (
				4A9B3B1648BEEACB4DDF4BEC /* DetailView.swift */,
				EE48595F6C089D8988BAFFA3 /* DetailViewModel.swift */,
			);
			path = Detail;
			sourceTree = "<group>";
		};
		A04D3920F40D658D849D0D20 /* Core */ = {
			isa = PBXGroup;
			children = (
				6638412DCCB0CA97EA7D5B55 /* Models */,
				B136D99265342BF5E486860E /* Network */,
				E3F49E952293B5180523AB15 /* Repositories */,
				19A5A83DD43B46CB9BED138E /* Services */,
				0841BEDE92E4AE5FDA95E2A0 /* Theme */,
			);
			path = Core;
			sourceTree = "<group>";
		};
		A5F76C37038542AB1188BE93 /* Products */ = {
			isa = PBXGroup;
			children = (
				FDCFF57FA1A3C2084694218C /* DonghuaFlix-iOS.app */,
				602C8F7C6A5F30DBC50997D6 /* DonghuaFlix-macOS.app */,
			);
			name = Products;
			sourceTree = "<group>";
		};
		B136D99265342BF5E486860E /* Network */ = {
			isa = PBXGroup;
			children = (
				13A6E2E26EC6579C156E3B34 /* APIClient.swift */,
				503FE4003D2F78032932F5C7 /* APIEndpoint.swift */,
				AE9ABD0DB708E9659170249D /* DTOs.swift */,
			);
			path = Network;
			sourceTree = "<group>";
		};
		B8AD693ECA0357F674E0B65E /* DonghuaFlix */ = {
			isa = PBXGroup;
			children = (
				A04D3920F40D658D849D0D20 /* Core */,
				FAA0A050CEC6EA0C013EF8C0 /* Features */,
				372BC4C1C7FC7900F5ED3097 /* Navigation */,
				6BC6644AD0855FBBC831E701 /* DonghuaFlixApp.swift */,
			);
			path = DonghuaFlix;
			sourceTree = "<group>";
		};
		CA755295005204CC62F31FDD /* Components */ = {
			isa = PBXGroup;
			children = (
				30200722F18345067BC5E1F7 /* ShowCardView.swift */,
			);
			path = Components;
			sourceTree = "<group>";
		};
		CEF5587AFC05DBC72CFD03A3 /* Browse */ = {
			isa = PBXGroup;
			children = (
				A28653D14185D6CC5CBA77B9 /* BrowseView.swift */,
				EF2B8EBBE4185D3F88077737 /* BrowseViewModel.swift */,
			);
			path = Browse;
			sourceTree = "<group>";
		};
		D9ED3D8A13ADBB7425EE1CF1 /* Search */ = {
			isa = PBXGroup;
			children = (
				991305D41D91848EE4F9A87F /* SearchView.swift */,
				5BBF8A0B48D1730320ABF6E7 /* SearchViewModel.swift */,
			);
			path = Search;
			sourceTree = "<group>";
		};
		E3F49E952293B5180523AB15 /* Repositories */ = {
			isa = PBXGroup;
			children = (
				57D222170AF6AB7DA37CC166 /* ShowRepository.swift */,
				69075DCCCD3DD10B7594EE5B /* WatchRepository.swift */,
			);
			path = Repositories;
			sourceTree = "<group>";
		};
		FAA0A050CEC6EA0C013EF8C0 /* Features */ = {
			isa = PBXGroup;
			children = (
				CEF5587AFC05DBC72CFD03A3 /* Browse */,
				CA755295005204CC62F31FDD /* Components */,
				865660E711312EA6E4CC8ADA /* Detail */,
				0EDA70EF5F9BDD5BA1F46E55 /* Home */,
				3EAE45E2F17628FCAE9054E2 /* Player */,
				D9ED3D8A13ADBB7425EE1CF1 /* Search */,
				0E5CCA78622DB813D4618B4D /* Watchlist */,
			);
			path = Features;
			sourceTree = "<group>";
		};
/* End PBXGroup section */

/* Begin PBXNativeTarget section */
		5BFBB65FCF5A7C3E83FDA364 /* DonghuaFlix-iOS */ = {
			isa = PBXNativeTarget;
			buildConfigurationList = B58D3C8FA3657BAD8E4243F8 /* Build configuration list for PBXNativeTarget "DonghuaFlix-iOS" */;
			buildPhases = (
				C83781C6674ED0A62932381A /* Sources */,
			);
			buildRules = (
			);
			dependencies = (
			);
			name = "DonghuaFlix-iOS";
			packageProductDependencies = (
			);
			productName = "DonghuaFlix-iOS";
			productReference = FDCFF57FA1A3C2084694218C /* DonghuaFlix-iOS.app */;
			productType = "com.apple.product-type.application";
		};
		E73D4FCE9E5146AEAF2C905C /* DonghuaFlix-macOS */ = {
			isa = PBXNativeTarget;
			buildConfigurationList = 2DDFA7FDF601E1432D04A1CA /* Build configuration list for PBXNativeTarget "DonghuaFlix-macOS" */;
			buildPhases = (
				EE55B2ED07A7C5E368378CDB /* Sources */,
				781B3E10E854ACE81124627E /* Copy to /Applications */,
			);
			buildRules = (
			);
			dependencies = (
			);
			name = "DonghuaFlix-macOS";
			packageProductDependencies = (
			);
			productName = "DonghuaFlix-macOS";
			productReference = 602C8F7C6A5F30DBC50997D6 /* DonghuaFlix-macOS.app */;
			productType = "com.apple.product-type.application";
		};
/* End PBXNativeTarget section */

/* Begin PBXProject section */
		18D1A95B6D90846A0B2975B5 /* Project object */ = {
			isa = PBXProject;
			attributes = {
				BuildIndependentTargetsInParallel = YES;
				LastUpgradeCheck = 1600;
				TargetAttributes = {
					5BFBB65FCF5A7C3E83FDA364 = {
						DevelopmentTeam = "";
					};
					E73D4FCE9E5146AEAF2C905C = {
						DevelopmentTeam = "";
					};
				};
			};
			buildConfigurationList = 52E1EB8152EC61875DA047F7 /* Build configuration list for PBXProject "DonghuaFlix" */;
			developmentRegion = en;
			hasScannedForEncodings = 0;
			knownRegions = (
				Base,
				en,
			);
			mainGroup = 3E5C69764604BB72F0E1A7FE;
			minimizedProjectReferenceProxies = 1;
			preferredProjectObjectVersion = 77;
			productRefGroup = A5F76C37038542AB1188BE93 /* Products */;
			projectDirPath = "";
			projectRoot = "";
			targets = (
				5BFBB65FCF5A7C3E83FDA364 /* DonghuaFlix-iOS */,
				E73D4FCE9E5146AEAF2C905C /* DonghuaFlix-macOS */,
			);
		};
/* End PBXProject section */

/* Begin PBXShellScriptBuildPhase section */
		781B3E10E854ACE81124627E /* Copy to /Applications */ = {
			isa = PBXShellScriptBuildPhase;
			buildActionMask = 2147483647;
			files = (
			);
			inputFileListPaths = (
			);
			inputPaths = (
			);
			name = "Copy to /Applications";
			outputFileListPaths = (
			);
			outputPaths = (
			);
			runOnlyForDeploymentPostprocessing = 0;
			shellPath = /bin/sh;
			shellScript = "cp -R \"${BUILT_PRODUCTS_DIR}/DonghuaFlix.app\" \"/Applications/DonghuaFlix.app\" 2>/dev/null || true\n";
		};
/* End PBXShellScriptBuildPhase section */

/* Begin PBXSourcesBuildPhase section */
		C83781C6674ED0A62932381A /* Sources */ = {
			isa = PBXSourcesBuildPhase;
			buildActionMask = 2147483647;
			files = (
				BBA9BE813F505A460871F7B2 /* APIClient.swift in Sources */,
				98EE9AEC5DC11AA46840C3B0 /* APIEndpoint.swift in Sources */,
				6CB92DFC36D3AFE8EEFB4F97 /* BrowseView.swift in Sources */,
				801CD0EC56495FB6C6BF4C17 /* BrowseViewModel.swift in Sources */,
				F3D3C12F63B489400202CC88 /* ContentView.swift in Sources */,
				ED9CD6DAAC3585706057166B /* CrashLogger.swift in Sources */,
				0A053E98D39B1676429DFD44 /* DTOs.swift in Sources */,
				FCF07B64B9290D713BCEA6E3 /* DetailView.swift in Sources */,
				26AF418BABD845EB5E2B6920 /* DetailViewModel.swift in Sources */,
				3C80D42E929A3D1B4E060875 /* DonghuaFlixApp.swift in Sources */,
				2B0546F9BFBA43D130060B79 /* DonghuaFlixTheme.swift in Sources */,
				3DB977DBFEEDBFA49EBE9C2C /* HomeView.swift in Sources */,
				7113A7ED026F20C37CBF5FBD /* HomeViewModel.swift in Sources */,
				D2F83E74E71731364A0FBA68 /* Models.swift in Sources */,
				316D440E02A4B5D2B0EC0679 /* PlayerView.swift in Sources */,
				5DCB36C84400F9B3195DE400 /* PlayerViewModel.swift in Sources */,
				EDE186492CF590A2DB24B671 /* Router.swift in Sources */,
				07BFD62A27EAB88C3F1A94A7 /* SearchView.swift in Sources */,
				E4F04DCD591A2DB4FF2569E2 /* SearchViewModel.swift in Sources */,
				2D995EC14225F9D481FA823D /* ShowCardView.swift in Sources */,
				A5BA4A344AF3C7B4424C8ED0 /* ShowRepository.swift in Sources */,
				3E4B87B86BA5C98DB65BD205 /* SubtitleParser.swift in Sources */,
				D1DED0B380F57392F35D0A6E /* WatchRepository.swift in Sources */,
				9C1B5552230E96CAF7D6C2EF /* WatchlistView.swift in Sources */,
				006B21407F4C03230AA6BDA8 /* WatchlistViewModel.swift in Sources */,
			);
			runOnlyForDeploymentPostprocessing = 0;
		};
		EE55B2ED07A7C5E368378CDB /* Sources */ = {
			isa = PBXSourcesBuildPhase;
			buildActionMask = 2147483647;
			files = (
				9C039822D7CC64621B03C4CB /* APIClient.swift in Sources */,
				E4BC1713DA9885F54C730D5C /* APIEndpoint.swift in Sources */,
				90E336F04721452A6BF3C184 /* BrowseView.swift in Sources */,
				1C73BB24045D75A92966721F /* BrowseViewModel.swift in Sources */,
				11A88B491AFFEAF2255FCA3D /* ContentView.swift in Sources */,
				AC1465E818CB41823DAB1F3D /* CrashLogger.swift in Sources */,
				4A57D1811FEB9A6206962421 /* DTOs.swift in Sources */,
				8F101079183873450F08E93F /* DetailView.swift in Sources */,
				43107AE8359B2E95AF061DCF /* DetailViewModel.swift in Sources */,
				666EEED349856E18CC998C6B /* DonghuaFlixApp.swift in Sources */,
				BA4582B0D4366276F1FB4E07 /* DonghuaFlixTheme.swift in Sources */,
				9490156A696DA7A9A86DA7E3 /* HomeView.swift in Sources */,
				F6082AD550F8AE64D763111B /* HomeViewModel.swift in Sources */,
				AF5828690E64D62AE00AB142 /* Models.swift in Sources */,
				575E329531BEB48DC13E12B8 /* PlayerView.swift in Sources */,
				3E86B50852EEE33AC27508DD /* PlayerViewModel.swift in Sources */,
				398C87D8B88FFD9BE7E1198A /* Router.swift in Sources */,
				FAE0A0DE95BB32AF656E4231 /* SearchView.swift in Sources */,
				9C562312DC4CA4E8D1DECDD8 /* SearchViewModel.swift in Sources */,
				E7B2A38C2BD229EF4ECB9169 /* ShowCardView.swift in Sources */,
				BBB442A217629C0841E1E7D4 /* ShowRepository.swift in Sources */,
				B5B1F823B1B08580FFC7CAB1 /* SubtitleParser.swift in Sources */,
				82D37808158B8096A14DF7B8 /* WatchRepository.swift in Sources */,
				284F2BA6CA43D145AE4F4765 /* WatchlistView.swift in Sources */,
				9C0B0EEDEDF9AFB4F07C884C /* WatchlistViewModel.swift in Sources */,
			);
			runOnlyForDeploymentPostprocessing = 0;
		};
/* End PBXSourcesBuildPhase section */

/* Begin XCBuildConfiguration section */
		16815E60CF5EFAAD338B36BB /* Debug */ = {
			isa = XCBuildConfiguration;
			buildSettings = {
				ALWAYS_SEARCH_USER_PATHS = NO;
				CLANG_ANALYZER_NONNULL = YES;
				CLANG_ANALYZER_NUMBER_OBJECT_CONVERSION = YES_AGGRESSIVE;
				CLANG_CXX_LANGUAGE_STANDARD = "gnu++14";
				CLANG_CXX_LIBRARY = "libc++";
				CLANG_ENABLE_MODULES = YES;
				CLANG_ENABLE_OBJC_ARC = YES;
				CLANG_ENABLE_OBJC_WEAK = YES;
				CLANG_WARN_BLOCK_CAPTURE_AUTORELEASING = YES;
				CLANG_WARN_BOOL_CONVERSION = YES;
				CLANG_WARN_COMMA = YES;
				CLANG_WARN_CONSTANT_CONVERSION = YES;
				CLANG_WARN_DEPRECATED_OBJC_IMPLEMENTATIONS = YES;
				CLANG_WARN_DIRECT_OBJC_ISA_USAGE = YES_ERROR;
				CLANG_WARN_DOCUMENTATION_COMMENTS = YES;
				CLANG_WARN_EMPTY_BODY = YES;
				CLANG_WARN_ENUM_CONVERSION = YES;
				CLANG_WARN_INFINITE_RECURSION = YES;
				CLANG_WARN_INT_CONVERSION = YES;
				CLANG_WARN_NON_LITERAL_NULL_CONVERSION = YES;
				CLANG_WARN_OBJC_IMPLICIT_RETAIN_SELF = YES;
				CLANG_WARN_OBJC_LITERAL_CONVERSION = YES;
				CLANG_WARN_OBJC_ROOT_CLASS = YES_ERROR;
				CLANG_WARN_QUOTED_INCLUDE_IN_FRAMEWORK_HEADER = YES;
				CLANG_WARN_RANGE_LOOP_ANALYSIS = YES;
				CLANG_WARN_STRICT_PROTOTYPES = YES;
				CLANG_WARN_SUSPICIOUS_MOVE = YES;
				CLANG_WARN_UNGUARDED_AVAILABILITY = YES_AGGRESSIVE;
				CLANG_WARN_UNREACHABLE_CODE = YES;
				CLANG_WARN__DUPLICATE_METHOD_MATCH = YES;
				COPY_PHASE_STRIP = NO;
				DEBUG_INFORMATION_FORMAT = dwarf;
				DEVELOPMENT_TEAM = "";
				ENABLE_STRICT_OBJC_MSGSEND = YES;
				ENABLE_TESTABILITY = YES;
				GCC_C_LANGUAGE_STANDARD = gnu11;
				GCC_DYNAMIC_NO_PIC = NO;
				GCC_NO_COMMON_BLOCKS = YES;
				GCC_OPTIMIZATION_LEVEL = 0;
				GCC_PREPROCESSOR_DEFINITIONS = (
					"$(inherited)",
					"DEBUG=1",
				);
				GCC_WARN_64_TO_32_BIT_CONVERSION = YES;
				GCC_WARN_ABOUT_RETURN_TYPE = YES_ERROR;
				GCC_WARN_UNDECLARED_SELECTOR = YES;
				GCC_WARN_UNINITIALIZED_AUTOS = YES_AGGRESSIVE;
				GCC_WARN_UNUSED_FUNCTION = YES;
				GCC_WARN_UNUSED_VARIABLE = YES;
				IPHONEOS_DEPLOYMENT_TARGET = 17.0;
				MACOSX_DEPLOYMENT_TARGET = 14.0;
				MTL_ENABLE_DEBUG_INFO = INCLUDE_SOURCE;
				MTL_FAST_MATH = YES;
				ONLY_ACTIVE_ARCH = YES;
				PRODUCT_NAME = "$(TARGET_NAME)";
				SWIFT_ACTIVE_COMPILATION_CONDITIONS = DEBUG;
				SWIFT_OPTIMIZATION_LEVEL = "-Onone";
				SWIFT_VERSION = 5.9;
			};
			name = Debug;
		};
		4B3E6A5D62C77DC7C5197AB8 /* Debug */ = {
			isa = XCBuildConfiguration;
			buildSettings = {
				ASSETCATALOG_COMPILER_APPICON_NAME = AppIcon;
				CODE_SIGN_IDENTITY = "iPhone Developer";
				CURRENT_PROJECT_VERSION = 1;
				GENERATE_INFOPLIST_FILE = YES;
				INFOPLIST_KEY_CFBundleDisplayName = DonghuaFlix;
				INFOPLIST_KEY_UIApplicationSceneManifest_Generation = YES;
				INFOPLIST_KEY_UIApplicationSupportsIndirectInputEvents = YES;
				INFOPLIST_KEY_UILaunchScreen_Generation = YES;
				INFOPLIST_KEY_UISupportedInterfaceOrientations = "UIInterfaceOrientationPortrait UIInterfaceOrientationLandscapeLeft UIInterfaceOrientationLandscapeRight";
				INFOPLIST_KEY_UISupportedInterfaceOrientations_iPad = "UIInterfaceOrientationPortrait UIInterfaceOrientationPortraitUpsideDown UIInterfaceOrientationLandscapeLeft UIInterfaceOrientationLandscapeRight";
				LD_RUNPATH_SEARCH_PATHS = (
					"$(inherited)",
					"@executable_path/Frameworks",
				);
				MARKETING_VERSION = 1.0.0;
				PRODUCT_BUNDLE_IDENTIFIER = com.donghuaflix.app;
				PRODUCT_NAME = DonghuaFlix;
				SDKROOT = iphoneos;
				TARGETED_DEVICE_FAMILY = "1,2";
			};
			name = Debug;
		};
		7516CB806D8C7A620811E648 /* Debug */ = {
			isa = XCBuildConfiguration;
			buildSettings = {
				ASSETCATALOG_COMPILER_APPICON_NAME = AppIcon;
				COMBINE_HIDPI_IMAGES = YES;
				CURRENT_PROJECT_VERSION = 1;
				GENERATE_INFOPLIST_FILE = YES;
				LD_RUNPATH_SEARCH_PATHS = (
					"$(inherited)",
					"@executable_path/../Frameworks",
				);
				MARKETING_VERSION = 1.0.0;
				PRODUCT_BUNDLE_IDENTIFIER = com.donghuaflix.app;
				PRODUCT_NAME = DonghuaFlix;
				SDKROOT = macosx;
			};
			name = Debug;
		};
		819ED266C2C366013DAE8334 /* Release */ = {
			isa = XCBuildConfiguration;
			buildSettings = {
				ASSETCATALOG_COMPILER_APPICON_NAME = AppIcon;
				COMBINE_HIDPI_IMAGES = YES;
				CURRENT_PROJECT_VERSION = 1;
				GENERATE_INFOPLIST_FILE = YES;
				LD_RUNPATH_SEARCH_PATHS = (
					"$(inherited)",
					"@executable_path/../Frameworks",
				);
				MARKETING_VERSION = 1.0.0;
				PRODUCT_BUNDLE_IDENTIFIER = com.donghuaflix.app;
				PRODUCT_NAME = DonghuaFlix;
				SDKROOT = macosx;
			};
			name = Release;
		};
		CEDCC5CA3A0180E388440B5A /* Release */ = {
			isa = XCBuildConfiguration;
			buildSettings = {
				ALWAYS_SEARCH_USER_PATHS = NO;
				CLANG_ANALYZER_NONNULL = YES;
				CLANG_ANALYZER_NUMBER_OBJECT_CONVERSION = YES_AGGRESSIVE;
				CLANG_CXX_LANGUAGE_STANDARD = "gnu++14";
				CLANG_CXX_LIBRARY = "libc++";
				CLANG_ENABLE_MODULES = YES;
				CLANG_ENABLE_OBJC_ARC = YES;
				CLANG_ENABLE_OBJC_WEAK = YES;
				CLANG_WARN_BLOCK_CAPTURE_AUTORELEASING = YES;
				CLANG_WARN_BOOL_CONVERSION = YES;
				CLANG_WARN_COMMA = YES;
				CLANG_WARN_CONSTANT_CONVERSION = YES;
				CLANG_WARN_DEPRECATED_OBJC_IMPLEMENTATIONS = YES;
				CLANG_WARN_DIRECT_OBJC_ISA_USAGE = YES_ERROR;
				CLANG_WARN_DOCUMENTATION_COMMENTS = YES;
				CLANG_WARN_EMPTY_BODY = YES;
				CLANG_WARN_ENUM_CONVERSION = YES;
				CLANG_WARN_INFINITE_RECURSION = YES;
				CLANG_WARN_INT_CONVERSION = YES;
				CLANG_WARN_NON_LITERAL_NULL_CONVERSION = YES;
				CLANG_WARN_OBJC_IMPLICIT_RETAIN_SELF = YES;
				CLANG_WARN_OBJC_LITERAL_CONVERSION = YES;
				CLANG_WARN_OBJC_ROOT_CLASS = YES_ERROR;
				CLANG_WARN_QUOTED_INCLUDE_IN_FRAMEWORK_HEADER = YES;
				CLANG_WARN_RANGE_LOOP_ANALYSIS = YES;
				CLANG_WARN_STRICT_PROTOTYPES = YES;
				CLANG_WARN_SUSPICIOUS_MOVE = YES;
				CLANG_WARN_UNGUARDED_AVAILABILITY = YES_AGGRESSIVE;
				CLANG_WARN_UNREACHABLE_CODE = YES;
				CLANG_WARN__DUPLICATE_METHOD_MATCH = YES;
				COPY_PHASE_STRIP = NO;
				DEBUG_INFORMATION_FORMAT = "dwarf-with-dsym";
				DEVELOPMENT_TEAM = "";
				ENABLE_NS_ASSERTIONS = NO;
				ENABLE_STRICT_OBJC_MSGSEND = YES;
				GCC_C_LANGUAGE_STANDARD = gnu11;
				GCC_NO_COMMON_BLOCKS = YES;
				GCC_WARN_64_TO_32_BIT_CONVERSION = YES;
				GCC_WARN_ABOUT_RETURN_TYPE = YES_ERROR;
				GCC_WARN_UNDECLARED_SELECTOR = YES;
				GCC_WARN_UNINITIALIZED_AUTOS = YES_AGGRESSIVE;
				GCC_WARN_UNUSED_FUNCTION = YES;
				GCC_WARN_UNUSED_VARIABLE = YES;
				IPHONEOS_DEPLOYMENT_TARGET = 17.0;
				MACOSX_DEPLOYMENT_TARGET = 14.0;
				MTL_ENABLE_DEBUG_INFO = NO;
				MTL_FAST_MATH = YES;
				PRODUCT_NAME = "$(TARGET_NAME)";
				SWIFT_COMPILATION_MODE = wholemodule;
				SWIFT_OPTIMIZATION_LEVEL = "-O";
				SWIFT_VERSION = 5.9;
			};
			name = Release;
		};
		E5E1BBE57FDA9A67D6668A6E /* Release */ = {
			isa = XCBuildConfiguration;
			buildSettings = {
				ASSETCATALOG_COMPILER_APPICON_NAME = AppIcon;
				CODE_SIGN_IDENTITY = "iPhone Developer";
				CURRENT_PROJECT_VERSION = 1;
				GENERATE_INFOPLIST_FILE = YES;
				INFOPLIST_KEY_CFBundleDisplayName = DonghuaFlix;
				INFOPLIST_KEY_UIApplicationSceneManifest_Generation = YES;
				INFOPLIST_KEY_UIApplicationSupportsIndirectInputEvents = YES;
				INFOPLIST_KEY_UILaunchScreen_Generation = YES;
				INFOPLIST_KEY_UISupportedInterfaceOrientations = "UIInterfaceOrientationPortrait UIInterfaceOrientationLandscapeLeft UIInterfaceOrientationLandscapeRight";
				INFOPLIST_KEY_UISupportedInterfaceOrientations_iPad = "UIInterfaceOrientationPortrait UIInterfaceOrientationPortraitUpsideDown UIInterfaceOrientationLandscapeLeft UIInterfaceOrientationLandscapeRight";
				LD_RUNPATH_SEARCH_PATHS = (
					"$(inherited)",
					"@executable_path/Frameworks",
				);
				MARKETING_VERSION = 1.0.0;
				PRODUCT_BUNDLE_IDENTIFIER = com.donghuaflix.app;
				PRODUCT_NAME = DonghuaFlix;
				SDKROOT = iphoneos;
				TARGETED_DEVICE_FAMILY = "1,2";
			};
			name = Release;
		};
/* End XCBuildConfiguration section */

/* Begin XCConfigurationList section */
		2DDFA7FDF601E1432D04A1CA /* Build configuration list for PBXNativeTarget "DonghuaFlix-macOS" */ = {
			isa = XCConfigurationList;
			buildConfigurations = (
				7516CB806D8C7A620811E648 /* Debug */,
				819ED266C2C366013DAE8334 /* Release */,
			);
			defaultConfigurationIsVisible = 0;
			defaultConfigurationName = Debug;
		};
		52E1EB8152EC61875DA047F7 /* Build configuration list for PBXProject "DonghuaFlix" */ = {
			isa = XCConfigurationList;
			buildConfigurations = (
				16815E60CF5EFAAD338B36BB /* Debug */,
				CEDCC5CA3A0180E388440B5A /* Release */,
			);
			defaultConfigurationIsVisible = 0;
			defaultConfigurationName = Debug;
		};
		B58D3C8FA3657BAD8E4243F8 /* Build configuration list for PBXNativeTarget "DonghuaFlix-iOS" */ = {
			isa = XCConfigurationList;
			buildConfigurations = (
				4B3E6A5D62C77DC7C5197AB8 /* Debug */,
				E5E1BBE57FDA9A67D6668A6E /* Release */,
			);
			defaultConfigurationIsVisible = 0;
			defaultConfigurationName = Debug;
		};
/* End XCConfigurationList section */
	};
	rootObject = 18D1A95B6D90846A0B2975B5 /* Project object */;
}
